%{"amqp": {:git, "git://github.com/pma/amqp.git", "56c79ba83e1098db03a4ac5921eff6895ae9bd17", [tag: "v0.0.6"]},
  "amqp_client": {:hex, :amqp_client, "3.4.0"},
  "connection": {:git, "git://github.com/fishcakez/connection.git", "6b93e57fb5721d555ceac6ed72f5761d27ac723f", [tag: "v1.0.1"]},
  "cowboy": {:git, "git://github.com/extend/cowboy.git", "3d9078018d7f0a83a359b70c698d35e35fbb94f9", [tag: "1.0.1"]},
  "cowlib": {:git, "git://github.com/ninenines/cowlib.git", "d544a494af4dbc810fc9c15eaf5cc050cced1501", [ref: "1.0.0"]},
  "eper": {:git, "git://github.com/massemanet/eper.git", "2a946220dd78bee759b39bce8194d8ae4d7912f8", [tag: "0.90.0"]},
  "exprotobuf": {:git, "git://github.com/bitwalker/exprotobuf.git", "6f5f4bb7e34f718698dcb36f7bd90983b0c2a60b", [tag: "0.11.0"]},
  "goldrush": {:git, "git://github.com/DeadZen/goldrush.git", "71e63212f12c25827e0c1b4198d37d5d018a7fec", [tag: "0.1.6"]},
  "gpb": {:git, "git://github.com/tomas-abrahamsson/gpb.git", "5e04117cd55e51df75b9b8867e5e062a8e5dc39d", [tag: "3.18.8"]},
  "ibrowse": {:git, "git://github.com/cmullaparthi/ibrowse.git", "d2e369ff42666c3574b8b7ec26f69027895c4d94", [tag: "v4.1.1"]},
  "jiffy": {:git, "git://github.com/davisp/jiffy.git", "137d3d94b6ee10001d761d412cbbe7f665680c98", [tag: "0.13.3"]},
  "lager": {:git, "git://github.com/basho/lager.git", "d33ccf3b69de09a628fe38b4d7981bb8671b8a4f", [tag: "2.1.1"]},
  "meck": {:git, "git://github.com/basho/meck.git", "dde759050eff19a1a80fd854d7375174b191665d", [tag: "0.8.2"]},
  "mixer": {:git, "git://github.com/opscode/mixer.git", "58ded93d5c47675899d8e5e1589270f340ea66c5", [tag: "0.1.1"]},
  "poison": {:git, "git://github.com/devinus/poison.git", "f293cf6e6697b6a1ed1db9c9ec4abfb0de204ef8", [tag: "1.4.0"]},
  "protobuffs": {:git, "git://github.com/basho/erlang_protobuffs.git", "f88fc3c6881687432ddd5546b3c7b08009dfb26f", [tag: "0.8.1p5"]},
  "rabbit_common": {:hex, :rabbit_common, "3.4.0"},
  "ranch": {:git, "git://github.com/ninenines/ranch.git", "adf1822defc2b7cfdc7aca112adabfa1d614043c", [ref: "1.0.0"]},
  "riak_pb": {:git, "git://github.com/basho/riak_pb.git", "620bc7001dc788e5530078aa8be53c9d15d4fdb4", [tag: "2.1.0.2"]},
  "riakc": {:git, "git://github.com/basho/riak-erlang-client.git", "1c75e31fd50e065aeebe787d608ce9b7ddeddb38", [tag: "2.1.1"]},
  "sync": {:git, "git://github.com/rustyio/sync.git", "475d728a8f89cdb4cc7067fbbb0a4fd3f3f24bd2", []}}
